# THIS IS AN AUTOGENERATED FILE. DO NOT EDIT THIS FILE DIRECTLY.
# yarn lockfile v1


"@moonrepo/cli@^1.31.1":
  version "1.31.1"
  resolved "https://registry.yarnpkg.com/@moonrepo/cli/-/cli-1.31.1.tgz#ebeedf14f73293c2f906129d968a79b4296e3398"
  integrity sha512-KivFWCd3EgjPYEQmny0Em6USvIvmuyaITjcKJ3o1dMM0SdqpJ3NsY5/Zhe/kD8twin0YNPnhkN26oIXASq+mDg==
  dependencies:
    detect-libc "^2.0.3"
  optionalDependencies:
    "@moonrepo/core-linux-arm64-gnu" "1.31.1"
    "@moonrepo/core-linux-arm64-musl" "1.31.1"
    "@moonrepo/core-linux-x64-gnu" "1.31.1"
    "@moonrepo/core-linux-x64-musl" "1.31.1"
    "@moonrepo/core-macos-arm64" "1.31.1"
    "@moonrepo/core-macos-x64" "1.31.1"
    "@moonrepo/core-windows-x64-msvc" "1.31.1"

"@moonrepo/core-linux-arm64-gnu@1.31.1":
  version "1.31.1"
  resolved "https://registry.yarnpkg.com/@moonrepo/core-linux-arm64-gnu/-/core-linux-arm64-gnu-1.31.1.tgz#abe3343d2c90502f563535330870807beb1c233b"
  integrity sha512-1719xJLm0dC4ytOQ3nvnDQzNzWx7obBMQQeaKPGRv99KxOUpGGA9EmHJnLcYL+Tv21TuQ0FPrhY9Kh0T36nQBw==

"@moonrepo/core-linux-arm64-musl@1.31.1":
  version "1.31.1"
  resolved "https://registry.yarnpkg.com/@moonrepo/core-linux-arm64-musl/-/core-linux-arm64-musl-1.31.1.tgz#24a1acf4244b73a3c72697a23bbe95f45caf3bb0"
  integrity sha512-huW1xP9Urxzv0IQj1gmpt1a9gxNUVxxomH5xN/rDBi/KmcDe4mw9K+BTbMYzZI4lYnjfC/aMMt+35wWxcTOdag==

"@moonrepo/core-linux-x64-gnu@1.31.1":
  version "1.31.1"
  resolved "https://registry.yarnpkg.com/@moonrepo/core-linux-x64-gnu/-/core-linux-x64-gnu-1.31.1.tgz#8fe330e1dffd4c817eec8dac2763da1a88bcbfb2"
  integrity sha512-0A0bzYiKcLyCI3BDkqiYxMyfUXdSaIqFtcG+OSBOvJsZwH+vN1WZyx5ViliT4xiUkYZmqMCasWEiuuvbZrjF7g==

"@moonrepo/core-linux-x64-musl@1.31.1":
  version "1.31.1"
  resolved "https://registry.yarnpkg.com/@moonrepo/core-linux-x64-musl/-/core-linux-x64-musl-1.31.1.tgz#a4eff794b57e5845ebe0e3aea64fb30f7ab3da31"
  integrity sha512-8feXZsDNsek3InrP/lNDEkU+b1oJaF0tssubyuueXtY09HQ8sMm7Gd2vnbj4HFvaJV9qTD2IDpuRV1rxxwpang==

"@moonrepo/core-macos-arm64@1.31.1":
  version "1.31.1"
  resolved "https://registry.yarnpkg.com/@moonrepo/core-macos-arm64/-/core-macos-arm64-1.31.1.tgz#a59ee4a22318cede3d1686efd7af8b7e7803281b"
  integrity sha512-oYbRs48QUWIOi0QTiuq8QY94GPuYiFyneqYZsB0C6c+eAe869p5ToeEDUQmEijMPcIfBZerxK3Dnb0D6RKb4sw==

"@moonrepo/core-macos-x64@1.31.1":
  version "1.31.1"
  resolved "https://registry.yarnpkg.com/@moonrepo/core-macos-x64/-/core-macos-x64-1.31.1.tgz#68da0e73a84f69c0ab6cfbe7a08d0076443fcfd9"
  integrity sha512-tq//+lS+ocGX/zyH60EM5pa6YDM9v4wjWvG6/f0kYTO/3C6l/yXbvk417JnrV8+hgtC5rAA+w3es+QsKM9EF6w==

"@moonrepo/core-windows-x64-msvc@1.31.1":
  version "1.31.1"
  resolved "https://registry.yarnpkg.com/@moonrepo/core-windows-x64-msvc/-/core-windows-x64-msvc-1.31.1.tgz#da493bae36b9867c2508a3fdd851e47074ea962c"
  integrity sha512-R4Ygp/YJDdmhXUGmIWvk5lYmKQxZWarWBtmTeUvMOXyJmSdXrR2gbIf50d3ED10AjMBzJZfX7E0kOyfqgy1Vcw==

detect-libc@^2.0.3:
  version "2.0.3"
  resolved "https://registry.yarnpkg.com/detect-libc/-/detect-libc-2.0.3.tgz#f0cd503b40f9939b894697d19ad50895e30cf700"
  integrity sha512-bwy0MGW55bG41VqxxypOsdSdGqLwXPI/focwgTYCFMbdUiBAxLg9CFzG08sz2aqzknwiX7Hkl0bQENjg8iLByw==
